github.com/debyltech/go-helpers v1.1.0 h1:y97ZSUyyDBtgqNoO3lC6V81wOtSbKY0GCeZc5MmhyL0=
github.com/debyltech/go-helpers v1.1.0/go.mod h1:6Lxdy8xz63AvhwRrkQ+uYFhzM93gbTGQJM7+U0PVO+M=
github.com/debyltech/go-shippr v0.1.0 h1:tinMX/HXulYU+7o3r5gtr5waHgWUONrmamFryy3h7Mg=
github.com/debyltech/go-shippr v0.1.0/go.mod h1:OC6q2VpWvqO5gIQPkvI8bmGTZY4syYtT6W1qNby0Los=
github.com/skip2/go-qrcode v0.0.0-20200617195104-da1b6568686e h1:MRM5ITcdelLK2j1vwZ3Je0FKVCfqOLp5zO6trqMLYs0=
github.com/skip2/go-qrcode v0.0.0-20200617195104-da1b6568686e/go.mod h1:XV66xRDqSt+GTGFMVlhk3ULuV0y9ZmzeVGR4mloJI3M=
